
Microsoft Visual Studio Solution File, Format Version 12.00
# Visual Studio Version 16
VisualStudioVersion = 16.0.30517.126
MinimumVisualStudioVersion = 10.0.40219.1
Project("{FAE04EC0-301F-11D3-BF4B-00C04F79EFBC}") = "FirstWebApiCore", "FirstWebApiCore\FirstWebApiCore.csproj", "{44F64476-7E45-41A7-9024-E028AEF79DE9}"
EndProject
Project("{FAE04EC0-301F-11D3-BF4B-00C04F79EFBC}") = "UI.Web", "UI.Web\UI.Web.csproj", "{0F05D5EA-BCF7-4117-A728-0EBC9A07E423}"
EndProject
Global
	GlobalSection(SolutionConfigurationPlatforms) = preSolution
		Debug|Any CPU = Debug|Any CPU
		Release|Any CPU = Release|Any CPU
	EndGlobalSection
	GlobalSection(ProjectConfigurationPlatforms) = postSolution
		{44F64476-7E45-41A7-9024-E028AEF79DE9}.Debug|Any CPU.ActiveCfg = Debug|Any CPU
		{44F64476-7E45-41A7-9024-E028AEF79DE9}.Debug|Any CPU.Build.0 = Debug|Any CPU
		{44F64476-7E45-41A7-9024-E028AEF79DE9}.Release|Any CPU.ActiveCfg = Release|Any CPU
		{44F64476-7E45-41A7-9024-E028AEF79DE9}.Release|Any CPU.Build.0 = Release|Any CPU
		{0F05D5EA-BCF7-4117-A728-0EBC9A07E423}.Debug|Any CPU.ActiveCfg = Debug|Any CPU
		{0F05D5EA-BCF7-4117-A728-0EBC9A07E423}.Debug|Any CPU.Build.0 = Debug|Any CPU
		{0F05D5EA-BCF7-4117-A728-0EBC9A07E423}.Release|Any CPU.ActiveCfg = Release|Any CPU
		{0F05D5EA-BCF7-4117-A728-0EBC9A07E423}.Release|Any CPU.Build.0 = Release|Any CPU
	EndGlobalSection
	GlobalSection(SolutionProperties) = preSolution
		HideSolutionNode = FALSE
	EndGlobalSection
	GlobalSection(ExtensibilityGlobals) = postSolution
		SolutionGuid = {BFDCE42E-C03C-488B-97CC-893191CC37B6}
	EndGlobalSection
EndGlobal
