
Microsoft Visual Studio Solution File, Format Version 12.00
# Visual Studio Version 16
VisualStudioVersion = 16.0.30517.126
MinimumVisualStudioVersion = 10.0.40219.1
Project("{9A19103F-16F7-4668-BE54-9A1E7A4F7556}") = "JwtProje.Entities", "JwtProje.Entities\JwtProje.Entities.csproj", "{D693FF37-4B83-47F4-AB75-C5F1B7642422}"
EndProject
Project("{9A19103F-16F7-4668-BE54-9A1E7A4F7556}") = "JwtProje.DataAccess", "JwtProje.DataAccess\JwtProje.DataAccess.csproj", "{E56B890A-C907-4681-80B9-2BCE14C3CD7B}"
EndProject
Project("{FAE04EC0-301F-11D3-BF4B-00C04F79EFBC}") = "JwtProje.Business", "JwtProje.Business\JwtProje.Business.csproj", "{D73293D6-2BD3-49FD-A230-7CC11ED08C8E}"
EndProject
Project("{FAE04EC0-301F-11D3-BF4B-00C04F79EFBC}") = "JwtProje.WebApi", "JwtProje.WebApi\JwtProje.WebApi.csproj", "{ADEEF500-CC49-4D61-AC7A-DB54E15327CD}"
EndProject
Global
	GlobalSection(SolutionConfigurationPlatforms) = preSolution
		Debug|Any CPU = Debug|Any CPU
		Release|Any CPU = Release|Any CPU
	EndGlobalSection
	GlobalSection(ProjectConfigurationPlatforms) = postSolution
		{D693FF37-4B83-47F4-AB75-C5F1B7642422}.Debug|Any CPU.ActiveCfg = Debug|Any CPU
		{D693FF37-4B83-47F4-AB75-C5F1B7642422}.Debug|Any CPU.Build.0 = Debug|Any CPU
		{D693FF37-4B83-47F4-AB75-C5F1B7642422}.Release|Any CPU.ActiveCfg = Release|Any CPU
		{D693FF37-4B83-47F4-AB75-C5F1B7642422}.Release|Any CPU.Build.0 = Release|Any CPU
		{E56B890A-C907-4681-80B9-2BCE14C3CD7B}.Debug|Any CPU.ActiveCfg = Debug|Any CPU
		{E56B890A-C907-4681-80B9-2BCE14C3CD7B}.Debug|Any CPU.Build.0 = Debug|Any CPU
		{E56B890A-C907-4681-80B9-2BCE14C3CD7B}.Release|Any CPU.ActiveCfg = Release|Any CPU
		{E56B890A-C907-4681-80B9-2BCE14C3CD7B}.Release|Any CPU.Build.0 = Release|Any CPU
		{D73293D6-2BD3-49FD-A230-7CC11ED08C8E}.Debug|Any CPU.ActiveCfg = Debug|Any CPU
		{D73293D6-2BD3-49FD-A230-7CC11ED08C8E}.Debug|Any CPU.Build.0 = Debug|Any CPU
		{D73293D6-2BD3-49FD-A230-7CC11ED08C8E}.Release|Any CPU.ActiveCfg = Release|Any CPU
		{D73293D6-2BD3-49FD-A230-7CC11ED08C8E}.Release|Any CPU.Build.0 = Release|Any CPU
		{ADEEF500-CC49-4D61-AC7A-DB54E15327CD}.Debug|Any CPU.ActiveCfg = Debug|Any CPU
		{ADEEF500-CC49-4D61-AC7A-DB54E15327CD}.Debug|Any CPU.Build.0 = Debug|Any CPU
		{ADEEF500-CC49-4D61-AC7A-DB54E15327CD}.Release|Any CPU.ActiveCfg = Release|Any CPU
		{ADEEF500-CC49-4D61-AC7A-DB54E15327CD}.Release|Any CPU.Build.0 = Release|Any CPU
	EndGlobalSection
	GlobalSection(SolutionProperties) = preSolution
		HideSolutionNode = FALSE
	EndGlobalSection
	GlobalSection(ExtensibilityGlobals) = postSolution
		SolutionGuid = {4510FEA3-A607-4793-B7CF-72C11D567359}
	EndGlobalSection
EndGlobal
